github.com/egeback/play_media_api v1.0.1 h1:tDma8T7VZLwkAUT9l85knKOj/FE6hrqrBHIdz8jMEU0=
github.com/egeback/play_media_api/internal v0.0.0-20200620141031-e00657304b36 h1:RSVGTbLKJSI3gIA/WVj/DEPVn5OLxBRlsVqhn6HeIjE=
github.com/egeback/play_media_api/internal/models v0.0.0-20200620141031-e00657304b36 h1:sMakpxSIIdl0MYNMnftIetSMCQa9mFulcRs1yDnse3A=
github.com/egeback/play_media_api/internal/models v0.0.0-20200620141031-e00657304b36/go.mod h1:aYCR3L4i/MQd37G4oIZkRm4Aglb4LCG1muVSQcP7r6Y=
github.com/egeback/play_media_api/internal/parsers v0.0.0-20200620141031-e00657304b36 h1:zTCMweJ980bgaCdN+vDCZT5syYdmo4qnJO/neaOWIwY=
github.com/egeback/play_media_api/internal/parsers v0.0.0-20200620141031-e00657304b36/go.mod h1:+pCivh1CZinJ4LE63/NuDzYGW3lFuHltNxeUEdnryAg=
github.com/egeback/play_media_api/internal/utils v0.0.0-20200620132806-3ca191c7514b h1:o7TOVmVUfOjvFMMMnvnDO+zBKxKKMFS4K4SSepuyfDk=
github.com/egeback/play_media_api/internal/utils v0.0.0-20200620132806-3ca191c7514b/go.mod h1:1klMJZdDxJoRnZHciO0dB9RBSTln2mXkdlO2dG8x+NE=
github.com/gosimple/slug v1.9.0 h1:r5vDcYrFz9BmfIAMC829un9hq7hKM4cHUrsv36LbEqs=
github.com/gosimple/slug v1.9.0/go.mod h1:AMZ+sOVe65uByN3kgEyf9WEBKBCSS+dJjMX9x4vDJbg=
github.com/rainycape/unidecode v0.0.0-20150907023854-cb7f23ec59be h1:ta7tUOvsPHVHGom5hKW5VXNc2xZIkfCKP8iaqOyYtUQ=
github.com/rainycape/unidecode v0.0.0-20150907023854-cb7f23ec59be/go.mod h1:MIDFMn7db1kT65GmV94GzpX9Qdi7N/pQlwb+AN8wh+Q=
