github.com/egeback/play_media_api v1.0.2 h1:bowDZLbW89l5MuNAKkLFLOfRBkwB/P8D0o0P44ZmH1A=
github.com/egeback/play_media_api/internal v0.0.0-20200620141031-e00657304b36 h1:RSVGTbLKJSI3gIA/WVj/DEPVn5OLxBRlsVqhn6HeIjE=
github.com/egeback/play_media_api/internal/models v0.0.0-20200620141031-e00657304b36 h1:sMakpxSIIdl0MYNMnftIetSMCQa9mFulcRs1yDnse3A=
github.com/egeback/play_media_api/internal/models v0.0.0-20200620141031-e00657304b36/go.mod h1:aYCR3L4i/MQd37G4oIZkRm4Aglb4LCG1muVSQcP7r6Y=
